
Microsoft Visual Studio Solution File, Format Version 12.00
# Visual Studio 14
VisualStudioVersion = 14.0.25123.0
MinimumVisualStudioVersion = 10.0.40219.1
Project("{FAE04EC0-301F-11D3-BF4B-00C04F79EFBC}") = "UM.UI", "UM.UI\UM.UI.csproj", "{51F9C236-B62D-4811-8096-68AB116B5A6B}"
EndProject
Project("{FAE04EC0-301F-11D3-BF4B-00C04F79EFBC}") = "UM.Utility", "UM.Utility\UM.Utility.csproj", "{D44E9182-666D-407F-8850-9253B58A2FCB}"
EndProject
Project("{FAE04EC0-301F-11D3-BF4B-00C04F79EFBC}") = "UM.DataAccess", "UM.DataAccess\UM.DataAccess.csproj", "{E3D22E06-0A56-4592-B3D2-DB9864DAE428}"
EndProject
Project("{FAE04EC0-301F-11D3-BF4B-00C04F79EFBC}") = "UM.BusinessLogic", "UM.BusinessLogic\UM.BusinessLogic.csproj", "{9E14704E-A28A-4147-BA2C-8E43970C299A}"
EndProject
Project("{FAE04EC0-301F-11D3-BF4B-00C04F79EFBC}") = "UM.Test", "UM.Test\UM.Test.csproj", "{05DF1A40-4E56-445E-89B4-2215F8E76BF1}"
EndProject
Project("{FAE04EC0-301F-11D3-BF4B-00C04F79EFBC}") = "UM.Pager", "UM.Pager\UM.Pager.csproj", "{80188C6F-4632-4897-835B-14F81B5A4BA6}"
EndProject
Global
	GlobalSection(SolutionConfigurationPlatforms) = preSolution
		Debug|Any CPU = Debug|Any CPU
		Release|Any CPU = Release|Any CPU
	EndGlobalSection
	GlobalSection(ProjectConfigurationPlatforms) = postSolution
		{51F9C236-B62D-4811-8096-68AB116B5A6B}.Debug|Any CPU.ActiveCfg = Debug|Any CPU
		{51F9C236-B62D-4811-8096-68AB116B5A6B}.Debug|Any CPU.Build.0 = Debug|Any CPU
		{51F9C236-B62D-4811-8096-68AB116B5A6B}.Release|Any CPU.ActiveCfg = Release|Any CPU
		{51F9C236-B62D-4811-8096-68AB116B5A6B}.Release|Any CPU.Build.0 = Release|Any CPU
		{D44E9182-666D-407F-8850-9253B58A2FCB}.Debug|Any CPU.ActiveCfg = Debug|Any CPU
		{D44E9182-666D-407F-8850-9253B58A2FCB}.Debug|Any CPU.Build.0 = Debug|Any CPU
		{D44E9182-666D-407F-8850-9253B58A2FCB}.Release|Any CPU.ActiveCfg = Release|Any CPU
		{D44E9182-666D-407F-8850-9253B58A2FCB}.Release|Any CPU.Build.0 = Release|Any CPU
		{E3D22E06-0A56-4592-B3D2-DB9864DAE428}.Debug|Any CPU.ActiveCfg = Debug|Any CPU
		{E3D22E06-0A56-4592-B3D2-DB9864DAE428}.Debug|Any CPU.Build.0 = Debug|Any CPU
		{E3D22E06-0A56-4592-B3D2-DB9864DAE428}.Release|Any CPU.ActiveCfg = Release|Any CPU
		{E3D22E06-0A56-4592-B3D2-DB9864DAE428}.Release|Any CPU.Build.0 = Release|Any CPU
		{9E14704E-A28A-4147-BA2C-8E43970C299A}.Debug|Any CPU.ActiveCfg = Debug|Any CPU
		{9E14704E-A28A-4147-BA2C-8E43970C299A}.Debug|Any CPU.Build.0 = Debug|Any CPU
		{9E14704E-A28A-4147-BA2C-8E43970C299A}.Release|Any CPU.ActiveCfg = Release|Any CPU
		{9E14704E-A28A-4147-BA2C-8E43970C299A}.Release|Any CPU.Build.0 = Release|Any CPU
		{05DF1A40-4E56-445E-89B4-2215F8E76BF1}.Debug|Any CPU.ActiveCfg = Debug|Any CPU
		{05DF1A40-4E56-445E-89B4-2215F8E76BF1}.Debug|Any CPU.Build.0 = Debug|Any CPU
		{05DF1A40-4E56-445E-89B4-2215F8E76BF1}.Release|Any CPU.ActiveCfg = Release|Any CPU
		{05DF1A40-4E56-445E-89B4-2215F8E76BF1}.Release|Any CPU.Build.0 = Release|Any CPU
		{80188C6F-4632-4897-835B-14F81B5A4BA6}.Debug|Any CPU.ActiveCfg = Debug|Any CPU
		{80188C6F-4632-4897-835B-14F81B5A4BA6}.Debug|Any CPU.Build.0 = Debug|Any CPU
		{80188C6F-4632-4897-835B-14F81B5A4BA6}.Release|Any CPU.ActiveCfg = Release|Any CPU
		{80188C6F-4632-4897-835B-14F81B5A4BA6}.Release|Any CPU.Build.0 = Release|Any CPU
	EndGlobalSection
	GlobalSection(SolutionProperties) = preSolution
		HideSolutionNode = FALSE
	EndGlobalSection
EndGlobal
